
Microsoft Visual Studio Solution File, Format Version 12.00
# Visual Studio Version 16
VisualStudioVersion = 16.0.32106.194
MinimumVisualStudioVersion = 10.0.40219.1
Project("{FAE04EC0-301F-11D3-BF4B-00C04F79EFBC}") = "SearchAndCopy", "SearchAndCopy.csproj", "{35EE9CC2-60FF-42F1-A3E5-6730D98C8663}"
EndProject
Global
	GlobalSection(SolutionConfigurationPlatforms) = preSolution
		Debug|Any CPU = Debug|Any CPU
		Release|Any CPU = Release|Any CPU
	EndGlobalSection
	GlobalSection(ProjectConfigurationPlatforms) = postSolution
		{35EE9CC2-60FF-42F1-A3E5-6730D98C8663}.Debug|Any CPU.ActiveCfg = Debug|Any CPU
		{35EE9CC2-60FF-42F1-A3E5-6730D98C8663}.Debug|Any CPU.Build.0 = Debug|Any CPU
		{35EE9CC2-60FF-42F1-A3E5-6730D98C8663}.Release|Any CPU.ActiveCfg = Release|Any CPU
		{35EE9CC2-60FF-42F1-A3E5-6730D98C8663}.Release|Any CPU.Build.0 = Release|Any CPU
	EndGlobalSection
	GlobalSection(SolutionProperties) = preSolution
		HideSolutionNode = FALSE
	EndGlobalSection
	GlobalSection(ExtensibilityGlobals) = postSolution
		SolutionGuid = {ED05B635-6187-4D79-A81F-2E3E12C24EAD}
	EndGlobalSection
EndGlobal
